<?xml version="1.0" encoding="utf-8"?>
<Project ToolsVersion="4.0" xmlns="http://schemas.microsoft.com/developer/msbuild/2003">
  <ItemGroup>
    <Filter Include="Source Files">
      <UniqueIdentifier>{4FC737F1-C7A5-4376-A066-2A32D752A2FF}</UniqueIdentifier>
      <Extensions>cpp;c;cc;cxx;c++;cppm;ixx;def;odl;idl;hpj;bat;asm;asmx</Extensions>
    </Filter>
    <Filter Include="Header Files">
      <UniqueIdentifier>{93995380-89BD-4b04-88EB-625FBE52EBFB}</UniqueIdentifier>
      <Extensions>h;hh;hpp;hxx;h++;hm;inl;inc;ipp;xsd</Extensions>
    </Filter>
    <Filter Include="Resource Files">
      <UniqueIdentifier>{67DA6AB6-F800-4c08-8B7A-83BB121AAD01}</UniqueIdentifier>
      <Extensions>rc;ico;cur;bmp;dlg;rc2;rct;bin;rgs;gif;jpg;jpeg;jpe;resx;tiff;tif;png;wav;mfcribbon-ms</Extensions>
    </Filter>
  </ItemGroup>
  <ItemGroup>
    <ClCompile Include="RenderToTexture.cpp">
      <Filter>Source Files</Filter>
    </ClCompile>
    <ClCompile Include="dx_context.cpp">
      <Filter>Source Files</Filter>
    </ClCompile>
    <ClCompile Include="offscreen_rtv.cpp">
      <Filter>Source Files</Filter>
    </ClCompile>
    <ClCompile Include="swapchain.cpp">
      <Filter>Source Files</Filter>
    </ClCompile>
    <ClCompile Include="offscreen_render_pass.cpp">
      <Filter>Source Files</Filter>
    </ClCompile>
    <ClCompile Include="presentation_render_pass.cpp">
      <Filter>Source Files</Filter>
    </ClCompile>
    <ClCompile Include="root_signature_service.cpp">
      <Filter>Source Files</Filter>
    </ClCompile>
    <ClCompile Include="transforms_pipeline.cpp">
      <Filter>Source Files</Filter>
    </ClCompile>
    <ClCompile Include="camera.cpp">
      <Filter>Source Files</Filter>
    </ClCompile>
    <ClCompile Include="model_matrix.cpp">
      <Filter>Source Files</Filter>
    </ClCompile>
    <ClCompile Include="presentation_pipeline.cpp">
      <Filter>Source Files</Filter>
    </ClCompile>
    <ClCompile Include="instanced_transform_pipeline.cpp">
      <Filter>Source Files</Filter>
    </ClCompile>
    <ClCompile Include="instance_index.cpp">
      <Filter>Source Files</Filter>
    </ClCompile>
  </ItemGroup>
  <ItemGroup>
    <ClInclude Include="dx_context.h">
      <Filter>Header Files</Filter>
    </ClInclude>
    <ClInclude Include="pch.h">
      <Filter>Header Files</Filter>
    </ClInclude>
    <ClInclude Include="offscreen_rtv.h">
      <Filter>Header Files</Filter>
    </ClInclude>
    <ClInclude Include="swapchain.h">
      <Filter>Header Files</Filter>
    </ClInclude>
    <ClInclude Include="offscreen_render_pass.h">
      <Filter>Header Files</Filter>
    </ClInclude>
    <ClInclude Include="presentation_render_pass.h">
      <Filter>Header Files</Filter>
    </ClInclude>
    <ClInclude Include="entities.h">
      <Filter>Header Files</Filter>
    </ClInclude>
    <ClInclude Include="root_signature_service.h">
      <Filter>Header Files</Filter>
    </ClInclude>
    <ClInclude Include="transforms_pipeline.h">
      <Filter>Header Files</Filter>
    </ClInclude>
    <ClInclude Include="camera.h">
      <Filter>Header Files</Filter>
    </ClInclude>
    <ClInclude Include="model_matrix.h">
      <Filter>Header Files</Filter>
    </ClInclude>
    <ClInclude Include="presentation_pipeline.h">
      <Filter>Header Files</Filter>
    </ClInclude>
    <ClInclude Include="instanced_transform_pipeline.h">
      <Filter>Header Files</Filter>
    </ClInclude>
    <ClInclude Include="instance_index.h">
      <Filter>Header Files</Filter>
    </ClInclude>
  </ItemGroup>
  <ItemGroup>
    <FxCompile Include="..\TransformsAndManyObjects\transforms_pixel_shader.hlsl" />
    <FxCompile Include="..\TransformsAndManyObjects\transforms_vertex_shader.hlsl" />
    <FxCompile Include="presentation_vertex_shader.hlsl" />
    <FxCompile Include="presentation_pixel_shader.hlsl" />
    <FxCompile Include="instanced_transform_vertex_shader.hlsl" />
    <FxCompile Include="instanced_transform_pixel_shader.hlsl" />
  </ItemGroup>
</Project>